
Microsoft Visual Studio Solution File, Format Version 12.00
# Visual Studio Version 16
VisualStudioVersion = 16.0.30907.101
MinimumVisualStudioVersion = 10.0.40219.1
Project("{FAE04EC0-301F-11D3-BF4B-00C04F79EFBC}") = "IOTproject", "IOTproject\IOTproject.csproj", "{87AC1663-24F0-4A9A-8D5D-7B5FF909481E}"
EndProject
Global
	GlobalSection(SolutionConfigurationPlatforms) = preSolution
		Debug|Any CPU = Debug|Any CPU
		Release|Any CPU = Release|Any CPU
	EndGlobalSection
	GlobalSection(ProjectConfigurationPlatforms) = postSolution
		{87AC1663-24F0-4A9A-8D5D-7B5FF909481E}.Debug|Any CPU.ActiveCfg = Debug|Any CPU
		{87AC1663-24F0-4A9A-8D5D-7B5FF909481E}.Debug|Any CPU.Build.0 = Debug|Any CPU
		{87AC1663-24F0-4A9A-8D5D-7B5FF909481E}.Release|Any CPU.ActiveCfg = Release|Any CPU
		{87AC1663-24F0-4A9A-8D5D-7B5FF909481E}.Release|Any CPU.Build.0 = Release|Any CPU
	EndGlobalSection
	GlobalSection(SolutionProperties) = preSolution
		HideSolutionNode = FALSE
	EndGlobalSection
	GlobalSection(ExtensibilityGlobals) = postSolution
		SolutionGuid = {779D1280-15E0-4722-9FAC-7FD0222AF227}
	EndGlobalSection
EndGlobal
